
Microsoft Visual Studio Solution File, Format Version 12.00
# Visual Studio 15
VisualStudioVersion = 15.0.26124.0
MinimumVisualStudioVersion = 15.0.26124.0
Project("{9A19103F-16F7-4668-BE54-9A1E7A4F7556}") = "UrlMapper", "UrlMapper\UrlMapper.csproj", "{AA652807-8F38-4354-B48D-C8E475BAD66C}"
EndProject
Project("{9A19103F-16F7-4668-BE54-9A1E7A4F7556}") = "UrlMapper.Tests", "UrlMapper.Tests\UrlMapper.Tests.csproj", "{1AEC5D54-6FBE-4E1A-8F4A-8E739097335C}"
EndProject
Global
	GlobalSection(SolutionConfigurationPlatforms) = preSolution
		Debug|Any CPU = Debug|Any CPU
		Debug|x64 = Debug|x64
		Debug|x86 = Debug|x86
		Release|Any CPU = Release|Any CPU
		Release|x64 = Release|x64
		Release|x86 = Release|x86
	EndGlobalSection
	GlobalSection(ProjectConfigurationPlatforms) = postSolution
		{AA652807-8F38-4354-B48D-C8E475BAD66C}.Debug|Any CPU.ActiveCfg = Debug|Any CPU
		{AA652807-8F38-4354-B48D-C8E475BAD66C}.Debug|Any CPU.Build.0 = Debug|Any CPU
		{AA652807-8F38-4354-B48D-C8E475BAD66C}.Debug|x64.ActiveCfg = Debug|Any CPU
		{AA652807-8F38-4354-B48D-C8E475BAD66C}.Debug|x64.Build.0 = Debug|Any CPU
		{AA652807-8F38-4354-B48D-C8E475BAD66C}.Debug|x86.ActiveCfg = Debug|Any CPU
		{AA652807-8F38-4354-B48D-C8E475BAD66C}.Debug|x86.Build.0 = Debug|Any CPU
		{AA652807-8F38-4354-B48D-C8E475BAD66C}.Release|Any CPU.ActiveCfg = Release|Any CPU
		{AA652807-8F38-4354-B48D-C8E475BAD66C}.Release|Any CPU.Build.0 = Release|Any CPU
		{AA652807-8F38-4354-B48D-C8E475BAD66C}.Release|x64.ActiveCfg = Release|Any CPU
		{AA652807-8F38-4354-B48D-C8E475BAD66C}.Release|x64.Build.0 = Release|Any CPU
		{AA652807-8F38-4354-B48D-C8E475BAD66C}.Release|x86.ActiveCfg = Release|Any CPU
		{AA652807-8F38-4354-B48D-C8E475BAD66C}.Release|x86.Build.0 = Release|Any CPU
		{1AEC5D54-6FBE-4E1A-8F4A-8E739097335C}.Debug|Any CPU.ActiveCfg = Debug|Any CPU
		{1AEC5D54-6FBE-4E1A-8F4A-8E739097335C}.Debug|Any CPU.Build.0 = Debug|Any CPU
		{1AEC5D54-6FBE-4E1A-8F4A-8E739097335C}.Debug|x64.ActiveCfg = Debug|Any CPU
		{1AEC5D54-6FBE-4E1A-8F4A-8E739097335C}.Debug|x64.Build.0 = Debug|Any CPU
		{1AEC5D54-6FBE-4E1A-8F4A-8E739097335C}.Debug|x86.ActiveCfg = Debug|Any CPU
		{1AEC5D54-6FBE-4E1A-8F4A-8E739097335C}.Debug|x86.Build.0 = Debug|Any CPU
		{1AEC5D54-6FBE-4E1A-8F4A-8E739097335C}.Release|Any CPU.ActiveCfg = Release|Any CPU
		{1AEC5D54-6FBE-4E1A-8F4A-8E739097335C}.Release|Any CPU.Build.0 = Release|Any CPU
		{1AEC5D54-6FBE-4E1A-8F4A-8E739097335C}.Release|x64.ActiveCfg = Release|Any CPU
		{1AEC5D54-6FBE-4E1A-8F4A-8E739097335C}.Release|x64.Build.0 = Release|Any CPU
		{1AEC5D54-6FBE-4E1A-8F4A-8E739097335C}.Release|x86.ActiveCfg = Release|Any CPU
		{1AEC5D54-6FBE-4E1A-8F4A-8E739097335C}.Release|x86.Build.0 = Release|Any CPU
	EndGlobalSection
	GlobalSection(SolutionProperties) = preSolution
		HideSolutionNode = FALSE
	EndGlobalSection
	GlobalSection(ExtensibilityGlobals) = postSolution
		SolutionGuid = {BCA50C69-E067-4A0A-8865-F86919E04568}
	EndGlobalSection
EndGlobal
